version = 1
requires-python = ">=3.13"

[[package]]
name = "archspec"
version = "0.2.5"
source = { registry = "https://pypi.org/simple" }
sdist = { url = "https://files.pythonhosted.org/packages/8f/7d/a4aff520fbf4636c4bdba3d1cea39d7b9574e891a605f86c7f3883ea9d99/archspec-0.2.5.tar.gz", hash = "sha256:5bec8dfc5366ff299071200466dc9572d56db4e43abca3c66bdd62bc2b731a2a", size = 53848 }
wheels = [
    { url = "https://files.pythonhosted.org/packages/d2/8d/2733707a9daf4df14cb6ae251691cfc49fcce888234ec6484364d8319b46/archspec-0.2.5-py3-none-any.whl", hash = "sha256:604bd4115cb4c18e50a22a9b4a1e516706712263790d7d2994aaa595e70082f6", size = 76161 },
]

[[package]]
name = "arkdata"
version = "3.0.0"
source = { virtual = "." }
dependencies = [
    { name = "fsb5" },
    { name = "pillow" },
    { name = "pycryptodome" },
    { name = "pymongo" },
    { name = "unitypy" },
]

[package.metadata]
requires-dist = [
    { name = "fsb5", specifier = ">=1.0" },
    { name = "pillow", specifier = ">=11.1.0" },
    { name = "pycryptodome", specifier = ">=3.21.0" },
    { name = "pymongo", specifier = ">=4.10.1" },
    { name = "unitypy", specifier = ">=1.20.16" },
]

[[package]]
name = "astc-encoder-py"
version = "0.1.11"
source = { registry = "https://pypi.org/simple" }
dependencies = [
    { name = "archspec" },
]
sdist = { url = "https://files.pythonhosted.org/packages/43/82/d6ec848be28704a3dbfcbd1146b3bfac2b8b7504f310a16d9b35bf8ff956/astc_encoder_py-0.1.11.tar.gz", hash = "sha256:2867b443dcdd2deb4c0ae0182f818ae65907b141df85b24f690dcc585ba3102c", size = 206155 }
wheels = [
    { url = "https://files.pythonhosted.org/packages/c7/60/95063840b7bacca7492faf9f77fd5a8645d9b32677328d9f468510fbce4b/astc_encoder_py-0.1.11-cp37-abi3-macosx_10_9_x86_64.whl", hash = "sha256:cd964c25e5d06b581cd1b40618a814d761f89cf99d376dec59719308d308ca6b", size = 544696 },
    { url = "https://files.pythonhosted.org/packages/0b/12/23bfe04da549759e153840e80c59f559c1d63920c55fa316bebba1d8e715/astc_encoder_py-0.1.11-cp37-abi3-macosx_11_0_arm64.whl", hash = "sha256:d3cda7a5a0773cd2a39102accd680e4711592822d48750f0e108557489457eff", size = 268856 },
    { url = "https://files.pythonhosted.org/packages/01/79/02da737359967bd99b0d34f298fd1923a41a733c99f6068a78379bea6a09/astc_encoder_py-0.1.11-cp37-abi3-manylinux_2_17_aarch64.manylinux2014_aarch64.whl", hash = "sha256:f33457f83b95b646f6b2bf937ffe265a58e89d571545cfd9364618c1469bae03", size = 2252230 },
    { url = "https://files.pythonhosted.org/packages/38/28/7139fe53f08af3315f62faf267b97fc7675c0c62cbf8905d327c2a5f9add/astc_encoder_py-0.1.11-cp37-abi3-manylinux_2_17_i686.manylinux2014_i686.whl", hash = "sha256:b3e48cfeac0a7f6b0b2d5038a7f33439b0bab436d83558233df9a0b13ba7bd32", size = 1204517 },
    { url = "https://files.pythonhosted.org/packages/30/67/af92b94557f25eedfe8a436d4d80f5c1dfb1ecf4183fd2fbb37d87cef940/astc_encoder_py-0.1.11-cp37-abi3-manylinux_2_17_ppc64le.manylinux2014_ppc64le.whl", hash = "sha256:8d0ca2d9153fdc46174f32579b02ce659101d469eb0db979c84cfcc082d13e9b", size = 1206376 },
    { url = "https://files.pythonhosted.org/packages/65/b3/7ee59e9219a869d4d5752ba1ae61f371094fd3c6ddce9bcb98a31bd00bc9/astc_encoder_py-0.1.11-cp37-abi3-manylinux_2_17_s390x.manylinux2014_s390x.whl", hash = "sha256:46b5c853df5a91aa375bb6c78e69edc71b9088851536c5d4b7322f074f8ebff4", size = 1205414 },
    { url = "https://files.pythonhosted.org/packages/a6/cc/2709d7f299c72f563271625f138b44bb6375107af7f6c302dd753c6b6b61/astc_encoder_py-0.1.11-cp37-abi3-manylinux_2_17_x86_64.manylinux2014_x86_64.whl", hash = "sha256:7f7e40148da90ec667fe708f1f6aebc7264fdca1e576c98ef0ab6f67d5f7afd3", size = 4764387 },
    { url = "https://files.pythonhosted.org/packages/ed/e9/b811447f5790d92b1aaa0eda87f72fbaa1273527eec99a8ebb4f86663a9b/astc_encoder_py-0.1.11-cp37-abi3-musllinux_1_2_aarch64.whl", hash = "sha256:c4d840a53fce02b249ec18231a5d34252bea583f83ae7eab65df607a8f2347fc", size = 2941375 },
    { url = "https://files.pythonhosted.org/packages/13/5c/a685ead96f93b5174a0b90745e5962ce3167bcc015314a817918142ba298/astc_encoder_py-0.1.11-cp37-abi3-musllinux_1_2_armv7l.whl", hash = "sha256:f0caf3e52c00122ed59d0329311d14b3d7db10ccbb3f7d6d0ce121518716b29c", size = 1847379 },
    { url = "https://files.pythonhosted.org/packages/2b/4f/3b05ecb269e88893f335fb469a8fab508fdf604d7d46e06094ce163684f2/astc_encoder_py-0.1.11-cp37-abi3-musllinux_1_2_i686.whl", hash = "sha256:5ccfee15a587c0925affb74c9ff6f2123420f711c85a42ec5aa9efef7cd0ffa5", size = 2211711 },
    { url = "https://files.pythonhosted.org/packages/a9/8e/0fb6a0e4b9fc3fd723e185a6443ccb79d61b6c08e186abdf1b92c4283056/astc_encoder_py-0.1.11-cp37-abi3-musllinux_1_2_ppc64le.whl", hash = "sha256:71bc5f16e8df4b9409628f5d207f21e048ac24f946f4543ececa9b666dbe1873", size = 2124290 },
    { url = "https://files.pythonhosted.org/packages/1b/96/cb623f070274860af9e214108c9080f9a987cf06342c34427818cb4bfba7/astc_encoder_py-0.1.11-cp37-abi3-musllinux_1_2_s390x.whl", hash = "sha256:006a009532b1d3005ef9f9eba5664a3eb789c1d25410845febdeb0fead1a3a0e", size = 2240618 },
    { url = "https://files.pythonhosted.org/packages/59/8f/dc4e590579077aef0640c3e61820ae7d359aa54d9173512f0a842ad341b0/astc_encoder_py-0.1.11-cp37-abi3-musllinux_1_2_x86_64.whl", hash = "sha256:3233b1b99deb1c81456b02942ab0bb86ebf864d563afd93dcc5c970c11a3bf41", size = 5297536 },
    { url = "https://files.pythonhosted.org/packages/03/1c/ea9edc19c36d5ad35c4192a9d11cc232fec0b84aded134c752b24f363076/astc_encoder_py-0.1.11-cp37-abi3-win32.whl", hash = "sha256:41b5c4b8a52be437dda2052c3ad247e80cd32fb844d74217e6b1c6d484efbcca", size = 573396 },
    { url = "https://files.pythonhosted.org/packages/bf/dd/2c4f2d8c3b1004628fbb48eafee01fc211209938604bd42d9000f0fb820a/astc_encoder_py-0.1.11-cp37-abi3-win_amd64.whl", hash = "sha256:2f699b68c44cc7270a06312174f38447159c1170eda1ca19f6e453e078d5bc12", size = 2550115 },
    { url = "https://files.pythonhosted.org/packages/9f/81/8dd5509d1638737ff69fa7b3cecb2105387e7b29c44d767440738caaa4e7/astc_encoder_py-0.1.11-cp37-abi3-win_arm64.whl", hash = "sha256:f10f0227ca2f0275852b9172b618ef1637312a193d29920aecb716dbb995a24d", size = 1183294 },
]

[[package]]
name = "attrs"
version = "24.3.0"
source = { registry = "https://pypi.org/simple" }
sdist = { url = "https://files.pythonhosted.org/packages/48/c8/6260f8ccc11f0917360fc0da435c5c9c7504e3db174d5a12a1494887b045/attrs-24.3.0.tar.gz", hash = "sha256:8f5c07333d543103541ba7be0e2ce16eeee8130cb0b3f9238ab904ce1e85baff", size = 805984 }
wheels = [
    { url = "https://files.pythonhosted.org/packages/89/aa/ab0f7891a01eeb2d2e338ae8fecbe57fcebea1a24dbb64d45801bfab481d/attrs-24.3.0-py3-none-any.whl", hash = "sha256:ac96cd038792094f438ad1f6ff80837353805ac950cd2aa0e0625ef19850c308", size = 63397 },
]

[[package]]
name = "brotli"
version = "1.1.0"
source = { registry = "https://pypi.org/simple" }
sdist = { url = "https://files.pythonhosted.org/packages/2f/c2/f9e977608bdf958650638c3f1e28f85a1b075f075ebbe77db8555463787b/Brotli-1.1.0.tar.gz", hash = "sha256:81de08ac11bcb85841e440c13611c00b67d3bf82698314928d0b676362546724", size = 7372270 }
wheels = [
    { url = "https://files.pythonhosted.org/packages/0a/9f/fb37bb8ffc52a8da37b1c03c459a8cd55df7a57bdccd8831d500e994a0ca/Brotli-1.1.0-cp313-cp313-macosx_10_13_universal2.whl", hash = "sha256:8bf32b98b75c13ec7cf774164172683d6e7891088f6316e54425fde1efc276d5", size = 815681 },
    { url = "https://files.pythonhosted.org/packages/06/b3/dbd332a988586fefb0aa49c779f59f47cae76855c2d00f450364bb574cac/Brotli-1.1.0-cp313-cp313-macosx_10_13_x86_64.whl", hash = "sha256:7bc37c4d6b87fb1017ea28c9508b36bbcb0c3d18b4260fcdf08b200c74a6aee8", size = 422475 },
    { url = "https://files.pythonhosted.org/packages/bb/80/6aaddc2f63dbcf2d93c2d204e49c11a9ec93a8c7c63261e2b4bd35198283/Brotli-1.1.0-cp313-cp313-manylinux_2_17_aarch64.manylinux2014_aarch64.whl", hash = "sha256:3c0ef38c7a7014ffac184db9e04debe495d317cc9c6fb10071f7fefd93100a4f", size = 2906173 },
    { url = "https://files.pythonhosted.org/packages/ea/1d/e6ca79c96ff5b641df6097d299347507d39a9604bde8915e76bf026d6c77/Brotli-1.1.0-cp313-cp313-manylinux_2_17_ppc64le.manylinux2014_ppc64le.whl", hash = "sha256:91d7cc2a76b5567591d12c01f019dd7afce6ba8cba6571187e21e2fc418ae648", size = 2943803 },
    { url = "https://files.pythonhosted.org/packages/ac/a3/d98d2472e0130b7dd3acdbb7f390d478123dbf62b7d32bda5c830a96116d/Brotli-1.1.0-cp313-cp313-manylinux_2_17_x86_64.manylinux2014_x86_64.whl", hash = "sha256:a93dde851926f4f2678e704fadeb39e16c35d8baebd5252c9fd94ce8ce68c4a0", size = 2918946 },
    { url = "https://files.pythonhosted.org/packages/c4/a5/c69e6d272aee3e1423ed005d8915a7eaa0384c7de503da987f2d224d0721/Brotli-1.1.0-cp313-cp313-manylinux_2_5_i686.manylinux1_i686.manylinux_2_17_i686.manylinux2014_i686.whl", hash = "sha256:f0db75f47be8b8abc8d9e31bc7aad0547ca26f24a54e6fd10231d623f183d089", size = 2845707 },
    { url = "https://files.pythonhosted.org/packages/58/9f/4149d38b52725afa39067350696c09526de0125ebfbaab5acc5af28b42ea/Brotli-1.1.0-cp313-cp313-musllinux_1_2_aarch64.whl", hash = "sha256:6967ced6730aed543b8673008b5a391c3b1076d834ca438bbd70635c73775368", size = 2936231 },
    { url = "https://files.pythonhosted.org/packages/5a/5a/145de884285611838a16bebfdb060c231c52b8f84dfbe52b852a15780386/Brotli-1.1.0-cp313-cp313-musllinux_1_2_i686.whl", hash = "sha256:7eedaa5d036d9336c95915035fb57422054014ebdeb6f3b42eac809928e40d0c", size = 2848157 },
    { url = "https://files.pythonhosted.org/packages/50/ae/408b6bfb8525dadebd3b3dd5b19d631da4f7d46420321db44cd99dcf2f2c/Brotli-1.1.0-cp313-cp313-musllinux_1_2_ppc64le.whl", hash = "sha256:d487f5432bf35b60ed625d7e1b448e2dc855422e87469e3f450aa5552b0eb284", size = 3035122 },
    { url = "https://files.pythonhosted.org/packages/af/85/a94e5cfaa0ca449d8f91c3d6f78313ebf919a0dbd55a100c711c6e9655bc/Brotli-1.1.0-cp313-cp313-musllinux_1_2_x86_64.whl", hash = "sha256:832436e59afb93e1836081a20f324cb185836c617659b07b129141a8426973c7", size = 2930206 },
    { url = "https://files.pythonhosted.org/packages/c2/f0/a61d9262cd01351df22e57ad7c34f66794709acab13f34be2675f45bf89d/Brotli-1.1.0-cp313-cp313-win32.whl", hash = "sha256:43395e90523f9c23a3d5bdf004733246fba087f2948f87ab28015f12359ca6a0", size = 333804 },
    { url = "https://files.pythonhosted.org/packages/7e/c1/ec214e9c94000d1c1974ec67ced1c970c148aa6b8d8373066123fc3dbf06/Brotli-1.1.0-cp313-cp313-win_amd64.whl", hash = "sha256:9011560a466d2eb3f5a6e4929cf4a09be405c64154e12df0dd72713f6500e32b", size = 358517 },
]

[[package]]
name = "dnspython"
version = "2.7.0"
source = { registry = "https://pypi.org/simple" }
sdist = { url = "https://files.pythonhosted.org/packages/b5/4a/263763cb2ba3816dd94b08ad3a33d5fdae34ecb856678773cc40a3605829/dnspython-2.7.0.tar.gz", hash = "sha256:ce9c432eda0dc91cf618a5cedf1a4e142651196bbcd2c80e89ed5a907e5cfaf1", size = 345197 }
wheels = [
    { url = "https://files.pythonhosted.org/packages/68/1b/e0a87d256e40e8c888847551b20a017a6b98139178505dc7ffb96f04e954/dnspython-2.7.0-py3-none-any.whl", hash = "sha256:b4c34b7d10b51bcc3a5071e7b8dee77939f1e878477eeecc965e9835f63c6c86", size = 313632 },
]

[[package]]
name = "etcpak"
version = "0.9.13"
source = { registry = "https://pypi.org/simple" }
dependencies = [
    { name = "archspec" },
]
sdist = { url = "https://files.pythonhosted.org/packages/c7/fc/5fa49f9a5c6c4c2253718acc308c2fd5a42375b7181db6b8e8b4a8bd7158/etcpak-0.9.13.tar.gz", hash = "sha256:ed1f59ca55b377770b1676f9dc62352dc3e88a1611cd6f08c5a8113f2c813250", size = 440221 }
wheels = [
    { url = "https://files.pythonhosted.org/packages/6e/51/41911df0ef27633527b1bdadb3fd2aba2e47858df80a7a7da4bd9c355a3d/etcpak-0.9.13-cp37-abi3-macosx_10_9_x86_64.whl", hash = "sha256:655cd7b46e16ade47fe875f99173d65ba3b22cc1e67f012a6240ce3860513131", size = 406689 },
    { url = "https://files.pythonhosted.org/packages/43/38/d607e07a41c9b8f9ac13defb71a1589a1765779613c4d69b9aad310a0cb5/etcpak-0.9.13-cp37-abi3-macosx_11_0_arm64.whl", hash = "sha256:fa7680f107e8d22e0906d77c2c7a3e5d2d58fcb3ab9f13a385875da8c8021ddf", size = 204874 },
    { url = "https://files.pythonhosted.org/packages/f8/fa/ea64c9359a61a1e110a42ed7adf53d40c95b496caa50eb92e5f3d70a0ae5/etcpak-0.9.13-cp37-abi3-manylinux_2_17_aarch64.manylinux2014_aarch64.whl", hash = "sha256:5f990e576422f6b0bab88c4064b05c5e58607cbd62a4358da5b36398b1c8c7c3", size = 1635397 },
    { url = "https://files.pythonhosted.org/packages/70/0c/7f0877a8a7e66b6e67ea0bef09a06903c8977ed4a956264c656074863ec5/etcpak-0.9.13-cp37-abi3-manylinux_2_17_i686.manylinux2014_i686.whl", hash = "sha256:a7e979768cc05389cf746fcbdb9c80968ca4bbc1bfca87a57f844ae70410b155", size = 788737 },
    { url = "https://files.pythonhosted.org/packages/94/07/e7dd500056ee98e1593e44f636bc6f46b23a0c64b26b553ec411576b175f/etcpak-0.9.13-cp37-abi3-manylinux_2_17_ppc64le.manylinux2014_ppc64le.whl", hash = "sha256:dca533910976938280ff3ff705047b588e620a43746f74572860552d9fe2b1fb", size = 820528 },
    { url = "https://files.pythonhosted.org/packages/3f/0c/87678eedb9fe2cba9d097c8610296186b626910feae4a0cab8a2efa35883/etcpak-0.9.13-cp37-abi3-manylinux_2_17_s390x.manylinux2014_s390x.whl", hash = "sha256:4e289707878d9b60f813fa5ab757393e08eff38bd6b3244cd2294d72f633b328", size = 905073 },
    { url = "https://files.pythonhosted.org/packages/7e/f7/f68eb1f65370537e8f18a82c2519f2d3d2aed80c8fc001533acca241e240/etcpak-0.9.13-cp37-abi3-manylinux_2_17_x86_64.manylinux2014_x86_64.whl", hash = "sha256:1610ae641529d7cb65a5dcd96b96e014e35c7b03a8b017a735fe768d1925312d", size = 3563871 },
    { url = "https://files.pythonhosted.org/packages/ca/d1/ce9476178b4f65d57e559090a35527cf310f5148a6abe99a0963d62c71c2/etcpak-0.9.13-cp37-abi3-musllinux_1_2_aarch64.whl", hash = "sha256:ae124b2e6df191d519b783e01794287dbf188548576a2bb68d361417dfa3ed17", size = 2381225 },
    { url = "https://files.pythonhosted.org/packages/8c/0c/c8c6e31da3ba828e1665ad748001194a59a657d011f042eb4de938625d8e/etcpak-0.9.13-cp37-abi3-musllinux_1_2_armv7l.whl", hash = "sha256:3aa18143087541786b27cbf2f300aaedaf24e8dc0e97a2805414f071df3c933f", size = 1504902 },
    { url = "https://files.pythonhosted.org/packages/6e/17/2af8f68f96083eeab9e9e4dca95a1cbab342e704d79b9ffba822f12608f6/etcpak-0.9.13-cp37-abi3-musllinux_1_2_i686.whl", hash = "sha256:ff7a6223f141f092acdd67274eecb929c2d988c34dc401cfa5b2dc80fc7e8a84", size = 1809580 },
    { url = "https://files.pythonhosted.org/packages/89/e5/3e3a35aafc6cc34a7762d38b025541d59c7601b7ddbe32e03534d7da0dd1/etcpak-0.9.13-cp37-abi3-musllinux_1_2_ppc64le.whl", hash = "sha256:754db5cf07f584ec480aee10ec1cae1e393281676be8fe085f63d2c2c936df49", size = 1800371 },
    { url = "https://files.pythonhosted.org/packages/1f/99/766e8e22873f1bcae4787885ffea0e055f18f27ff692050cc37e3e48add7/etcpak-0.9.13-cp37-abi3-musllinux_1_2_s390x.whl", hash = "sha256:cf171b319c13b796acc82fe58182185b109c458b6bd0c93bf0b1c70d20c79415", size = 2005931 },
    { url = "https://files.pythonhosted.org/packages/f6/f4/fdc6513faae45436aa865700f3e575920036e824d633ce74b346096bb539/etcpak-0.9.13-cp37-abi3-musllinux_1_2_x86_64.whl", hash = "sha256:2aa1e3ef39fa092de1ea8e3da91f1ef1614cbff152f48262e0d43228e2e25c13", size = 4273008 },
    { url = "https://files.pythonhosted.org/packages/45/e9/d9b6b770223b625f1a9b5565cbcf6be7db72ac9abad29c3abf5086bc26a0/etcpak-0.9.13-cp37-abi3-win32.whl", hash = "sha256:d17a1a27f077e9ee512c07a1dc8b9cf70a443c5aa62ef6572d979d55052a84ed", size = 347581 },
    { url = "https://files.pythonhosted.org/packages/2c/68/76381335384058b6852e408efcaef3fc75f4c2fb54c38fa6da719c165051/etcpak-0.9.13-cp37-abi3-win_amd64.whl", hash = "sha256:511899cb69052a309010343f49b2b96c847706c49d78e18cd21af80e35fb6716", size = 1687427 },
]

[[package]]
name = "fsb5"
version = "1.0"
source = { registry = "https://pypi.org/simple" }
sdist = { url = "https://files.pythonhosted.org/packages/35/ae/6c56aa68bd88830b8ce09416455c2e6d135dc62181473b28209f194273d2/fsb5-1.0.tar.gz", hash = "sha256:312d28b580e9c4a0032caac80bcc354672216327f430d063c3beb4a4f3fe621d", size = 8371 }

[[package]]
name = "fsspec"
version = "2024.12.0"
source = { registry = "https://pypi.org/simple" }
sdist = { url = "https://files.pythonhosted.org/packages/ee/11/de70dee31455c546fbc88301971ec03c328f3d1138cfba14263f651e9551/fsspec-2024.12.0.tar.gz", hash = "sha256:670700c977ed2fb51e0d9f9253177ed20cbde4a3e5c0283cc5385b5870c8533f", size = 291600 }
wheels = [
    { url = "https://files.pythonhosted.org/packages/de/86/5486b0188d08aa643e127774a99bac51ffa6cf343e3deb0583956dca5b22/fsspec-2024.12.0-py3-none-any.whl", hash = "sha256:b520aed47ad9804237ff878b504267a3b0b441e97508bd6d2d8774e3db85cee2", size = 183862 },
]

[[package]]
name = "lz4"
version = "4.3.3"
source = { registry = "https://pypi.org/simple" }
sdist = { url = "https://files.pythonhosted.org/packages/a4/31/ec1259ca8ad11568abaf090a7da719616ca96b60d097ccc5799cd0ff599c/lz4-4.3.3.tar.gz", hash = "sha256:01fe674ef2889dbb9899d8a67361e0c4a2c833af5aeb37dd505727cf5d2a131e", size = 171509 }

[[package]]
name = "pillow"
version = "11.1.0"
source = { registry = "https://pypi.org/simple" }
sdist = { url = "https://files.pythonhosted.org/packages/f3/af/c097e544e7bd278333db77933e535098c259609c4eb3b85381109602fb5b/pillow-11.1.0.tar.gz", hash = "sha256:368da70808b36d73b4b390a8ffac11069f8a5c85f29eff1f1b01bcf3ef5b2a20", size = 46742715 }
wheels = [
    { url = "https://files.pythonhosted.org/packages/b3/31/9ca79cafdce364fd5c980cd3416c20ce1bebd235b470d262f9d24d810184/pillow-11.1.0-cp313-cp313-macosx_10_13_x86_64.whl", hash = "sha256:ae98e14432d458fc3de11a77ccb3ae65ddce70f730e7c76140653048c71bfcbc", size = 3226640 },
    { url = "https://files.pythonhosted.org/packages/ac/0f/ff07ad45a1f172a497aa393b13a9d81a32e1477ef0e869d030e3c1532521/pillow-11.1.0-cp313-cp313-macosx_11_0_arm64.whl", hash = "sha256:cc1331b6d5a6e144aeb5e626f4375f5b7ae9934ba620c0ac6b3e43d5e683a0f0", size = 3101437 },
    { url = "https://files.pythonhosted.org/packages/08/2f/9906fca87a68d29ec4530be1f893149e0cb64a86d1f9f70a7cfcdfe8ae44/pillow-11.1.0-cp313-cp313-manylinux_2_17_aarch64.manylinux2014_aarch64.whl", hash = "sha256:758e9d4ef15d3560214cddbc97b8ef3ef86ce04d62ddac17ad39ba87e89bd3b1", size = 4326605 },
    { url = "https://files.pythonhosted.org/packages/b0/0f/f3547ee15b145bc5c8b336401b2d4c9d9da67da9dcb572d7c0d4103d2c69/pillow-11.1.0-cp313-cp313-manylinux_2_17_x86_64.manylinux2014_x86_64.whl", hash = "sha256:b523466b1a31d0dcef7c5be1f20b942919b62fd6e9a9be199d035509cbefc0ec", size = 4411173 },
    { url = "https://files.pythonhosted.org/packages/b1/df/bf8176aa5db515c5de584c5e00df9bab0713548fd780c82a86cba2c2fedb/pillow-11.1.0-cp313-cp313-manylinux_2_28_aarch64.whl", hash = "sha256:9044b5e4f7083f209c4e35aa5dd54b1dd5b112b108648f5c902ad586d4f945c5", size = 4369145 },
    { url = "https://files.pythonhosted.org/packages/de/7c/7433122d1cfadc740f577cb55526fdc39129a648ac65ce64db2eb7209277/pillow-11.1.0-cp313-cp313-manylinux_2_28_x86_64.whl", hash = "sha256:3764d53e09cdedd91bee65c2527815d315c6b90d7b8b79759cc48d7bf5d4f114", size = 4496340 },
    { url = "https://files.pythonhosted.org/packages/25/46/dd94b93ca6bd555588835f2504bd90c00d5438fe131cf01cfa0c5131a19d/pillow-11.1.0-cp313-cp313-musllinux_1_2_aarch64.whl", hash = "sha256:31eba6bbdd27dde97b0174ddf0297d7a9c3a507a8a1480e1e60ef914fe23d352", size = 4296906 },
    { url = "https://files.pythonhosted.org/packages/a8/28/2f9d32014dfc7753e586db9add35b8a41b7a3b46540e965cb6d6bc607bd2/pillow-11.1.0-cp313-cp313-musllinux_1_2_x86_64.whl", hash = "sha256:b5d658fbd9f0d6eea113aea286b21d3cd4d3fd978157cbf2447a6035916506d3", size = 4431759 },
    { url = "https://files.pythonhosted.org/packages/33/48/19c2cbe7403870fbe8b7737d19eb013f46299cdfe4501573367f6396c775/pillow-11.1.0-cp313-cp313-win32.whl", hash = "sha256:f86d3a7a9af5d826744fabf4afd15b9dfef44fe69a98541f666f66fbb8d3fef9", size = 2291657 },
    { url = "https://files.pythonhosted.org/packages/3b/ad/285c556747d34c399f332ba7c1a595ba245796ef3e22eae190f5364bb62b/pillow-11.1.0-cp313-cp313-win_amd64.whl", hash = "sha256:593c5fd6be85da83656b93ffcccc2312d2d149d251e98588b14fbc288fd8909c", size = 2626304 },
    { url = "https://files.pythonhosted.org/packages/e5/7b/ef35a71163bf36db06e9c8729608f78dedf032fc8313d19bd4be5c2588f3/pillow-11.1.0-cp313-cp313-win_arm64.whl", hash = "sha256:11633d58b6ee5733bde153a8dafd25e505ea3d32e261accd388827ee987baf65", size = 2375117 },
    { url = "https://files.pythonhosted.org/packages/79/30/77f54228401e84d6791354888549b45824ab0ffde659bafa67956303a09f/pillow-11.1.0-cp313-cp313t-macosx_10_13_x86_64.whl", hash = "sha256:70ca5ef3b3b1c4a0812b5c63c57c23b63e53bc38e758b37a951e5bc466449861", size = 3230060 },
    { url = "https://files.pythonhosted.org/packages/ce/b1/56723b74b07dd64c1010fee011951ea9c35a43d8020acd03111f14298225/pillow-11.1.0-cp313-cp313t-macosx_11_0_arm64.whl", hash = "sha256:8000376f139d4d38d6851eb149b321a52bb8893a88dae8ee7d95840431977081", size = 3106192 },
    { url = "https://files.pythonhosted.org/packages/e1/cd/7bf7180e08f80a4dcc6b4c3a0aa9e0b0ae57168562726a05dc8aa8fa66b0/pillow-11.1.0-cp313-cp313t-manylinux_2_17_x86_64.manylinux2014_x86_64.whl", hash = "sha256:9ee85f0696a17dd28fbcfceb59f9510aa71934b483d1f5601d1030c3c8304f3c", size = 4446805 },
    { url = "https://files.pythonhosted.org/packages/97/42/87c856ea30c8ed97e8efbe672b58c8304dee0573f8c7cab62ae9e31db6ae/pillow-11.1.0-cp313-cp313t-manylinux_2_28_x86_64.whl", hash = "sha256:dd0e081319328928531df7a0e63621caf67652c8464303fd102141b785ef9547", size = 4530623 },
    { url = "https://files.pythonhosted.org/packages/ff/41/026879e90c84a88e33fb00cc6bd915ac2743c67e87a18f80270dfe3c2041/pillow-11.1.0-cp313-cp313t-musllinux_1_2_x86_64.whl", hash = "sha256:e63e4e5081de46517099dc30abe418122f54531a6ae2ebc8680bcd7096860eab", size = 4465191 },
    { url = "https://files.pythonhosted.org/packages/e5/fb/a7960e838bc5df57a2ce23183bfd2290d97c33028b96bde332a9057834d3/pillow-11.1.0-cp313-cp313t-win32.whl", hash = "sha256:dda60aa465b861324e65a78c9f5cf0f4bc713e4309f83bc387be158b077963d9", size = 2295494 },
    { url = "https://files.pythonhosted.org/packages/d7/6c/6ec83ee2f6f0fda8d4cf89045c6be4b0373ebfc363ba8538f8c999f63fcd/pillow-11.1.0-cp313-cp313t-win_amd64.whl", hash = "sha256:ad5db5781c774ab9a9b2c4302bbf0c1014960a0a7be63278d13ae6fdf88126fe", size = 2631595 },
    { url = "https://files.pythonhosted.org/packages/cf/6c/41c21c6c8af92b9fea313aa47c75de49e2f9a467964ee33eb0135d47eb64/pillow-11.1.0-cp313-cp313t-win_arm64.whl", hash = "sha256:67cd427c68926108778a9005f2a04adbd5e67c442ed21d95389fe1d595458756", size = 2377651 },
]

[[package]]
name = "pycryptodome"
version = "3.21.0"
source = { registry = "https://pypi.org/simple" }
sdist = { url = "https://files.pythonhosted.org/packages/13/52/13b9db4a913eee948152a079fe58d035bd3d1a519584155da8e786f767e6/pycryptodome-3.21.0.tar.gz", hash = "sha256:f7787e0d469bdae763b876174cf2e6c0f7be79808af26b1da96f1a64bcf47297", size = 4818071 }
wheels = [
    { url = "https://files.pythonhosted.org/packages/a7/88/5e83de10450027c96c79dc65ac45e9d0d7a7fef334f39d3789a191f33602/pycryptodome-3.21.0-cp36-abi3-macosx_10_9_universal2.whl", hash = "sha256:2480ec2c72438430da9f601ebc12c518c093c13111a5c1644c82cdfc2e50b1e4", size = 2495937 },
    { url = "https://files.pythonhosted.org/packages/66/e1/8f28cd8cf7f7563319819d1e172879ccce2333781ae38da61c28fe22d6ff/pycryptodome-3.21.0-cp36-abi3-macosx_10_9_x86_64.whl", hash = "sha256:de18954104667f565e2fbb4783b56667f30fb49c4d79b346f52a29cb198d5b6b", size = 1634629 },
    { url = "https://files.pythonhosted.org/packages/6a/c1/f75a1aaff0c20c11df8dc8e2bf8057e7f73296af7dfd8cbb40077d1c930d/pycryptodome-3.21.0-cp36-abi3-manylinux_2_17_aarch64.manylinux2014_aarch64.whl", hash = "sha256:2de4b7263a33947ff440412339cb72b28a5a4c769b5c1ca19e33dd6cd1dcec6e", size = 2168708 },
    { url = "https://files.pythonhosted.org/packages/ea/66/6f2b7ddb457b19f73b82053ecc83ba768680609d56dd457dbc7e902c41aa/pycryptodome-3.21.0-cp36-abi3-manylinux_2_17_x86_64.manylinux2014_x86_64.whl", hash = "sha256:0714206d467fc911042d01ea3a1847c847bc10884cf674c82e12915cfe1649f8", size = 2254555 },
    { url = "https://files.pythonhosted.org/packages/2c/2b/152c330732a887a86cbf591ed69bd1b489439b5464806adb270f169ec139/pycryptodome-3.21.0-cp36-abi3-manylinux_2_5_i686.manylinux1_i686.manylinux_2_17_i686.manylinux2014_i686.whl", hash = "sha256:7d85c1b613121ed3dbaa5a97369b3b757909531a959d229406a75b912dd51dd1", size = 2294143 },
    { url = "https://files.pythonhosted.org/packages/55/92/517c5c498c2980c1b6d6b9965dffbe31f3cd7f20f40d00ec4069559c5902/pycryptodome-3.21.0-cp36-abi3-musllinux_1_1_aarch64.whl", hash = "sha256:8898a66425a57bcf15e25fc19c12490b87bd939800f39a03ea2de2aea5e3611a", size = 2160509 },
    { url = "https://files.pythonhosted.org/packages/39/1f/c74288f54d80a20a78da87df1818c6464ac1041d10988bb7d982c4153fbc/pycryptodome-3.21.0-cp36-abi3-musllinux_1_2_i686.whl", hash = "sha256:932c905b71a56474bff8a9c014030bc3c882cee696b448af920399f730a650c2", size = 2329480 },
    { url = "https://files.pythonhosted.org/packages/39/1b/d0b013bf7d1af7cf0a6a4fce13f5fe5813ab225313755367b36e714a63f8/pycryptodome-3.21.0-cp36-abi3-musllinux_1_2_x86_64.whl", hash = "sha256:18caa8cfbc676eaaf28613637a89980ad2fd96e00c564135bf90bc3f0b34dd93", size = 2254397 },
    { url = "https://files.pythonhosted.org/packages/14/71/4cbd3870d3e926c34706f705d6793159ac49d9a213e3ababcdade5864663/pycryptodome-3.21.0-cp36-abi3-win32.whl", hash = "sha256:280b67d20e33bb63171d55b1067f61fbd932e0b1ad976b3a184303a3dad22764", size = 1775641 },
    { url = "https://files.pythonhosted.org/packages/43/1d/81d59d228381576b92ecede5cd7239762c14001a828bdba30d64896e9778/pycryptodome-3.21.0-cp36-abi3-win_amd64.whl", hash = "sha256:b7aa25fc0baa5b1d95b7633af4f5f1838467f1815442b22487426f94e0d66c53", size = 1812863 },
    { url = "https://files.pythonhosted.org/packages/25/b3/09ff7072e6d96c9939c24cf51d3c389d7c345bf675420355c22402f71b68/pycryptodome-3.21.0-pp27-pypy_73-manylinux2010_x86_64.whl", hash = "sha256:2cb635b67011bc147c257e61ce864879ffe6d03342dc74b6045059dfbdedafca", size = 1691593 },
    { url = "https://files.pythonhosted.org/packages/a8/91/38e43628148f68ba9b68dedbc323cf409e537fd11264031961fd7c744034/pycryptodome-3.21.0-pp27-pypy_73-win32.whl", hash = "sha256:4c26a2f0dc15f81ea3afa3b0c87b87e501f235d332b7f27e2225ecb80c0b1cdd", size = 1765997 },
]

[[package]]
name = "pyfmodex"
version = "0.7.2"
source = { registry = "https://pypi.org/simple" }
sdist = { url = "https://files.pythonhosted.org/packages/0a/ed/6106a55d98868c0edb82aa8ee4fa5fa89712acbe2ab5a307adf962ac67fb/pyfmodex-0.7.2.tar.gz", hash = "sha256:d9ad3d7841a1c4cf4733cbedc69389f84c58a640d23d0ffa083ad6080f35103c", size = 111830 }
wheels = [
    { url = "https://files.pythonhosted.org/packages/2c/7b/f7fdcdf6a6e8fd951c41e91baae8c1cecfffc2ed3199157afd6ab5728716/pyfmodex-0.7.2-py3-none-any.whl", hash = "sha256:1c42112b788e80ee7b4b57ae25bbbc0a98eb1e32a8e7c9e1246698cdf72efa9d", size = 126703 },
]

[[package]]
name = "pymongo"
version = "4.10.1"
source = { registry = "https://pypi.org/simple" }
dependencies = [
    { name = "dnspython" },
]
sdist = { url = "https://files.pythonhosted.org/packages/1a/35/b62a3139f908c68b69aac6a6a3f8cc146869de0a7929b994600e2c587c77/pymongo-4.10.1.tar.gz", hash = "sha256:a9de02be53b6bb98efe0b9eda84ffa1ec027fcb23a2de62c4f941d9a2f2f3330", size = 1903902 }
wheels = [
    { url = "https://files.pythonhosted.org/packages/83/76/df0fd0622a85b652ad0f91ec8a0ebfd0cb86af6caec8999a22a1f7481203/pymongo-4.10.1-cp313-cp313-macosx_10_13_x86_64.whl", hash = "sha256:90bc6912948dfc8c363f4ead54d54a02a15a7fee6cfafb36dc450fc8962d2cb7", size = 996981 },
    { url = "https://files.pythonhosted.org/packages/4c/39/fa50531de8d1d8af8c253caeed20c18ccbf1de5d970119c4a42c89f2bd09/pymongo-4.10.1-cp313-cp313-macosx_11_0_arm64.whl", hash = "sha256:594dd721b81f301f33e843453638e02d92f63c198358e5a0fa8b8d0b1218dabc", size = 996769 },
    { url = "https://files.pythonhosted.org/packages/bf/50/6936612c1b2e32d95c30e860552d3bc9e55cfa79a4f73b73225fa05a028c/pymongo-4.10.1-cp313-cp313-manylinux_2_17_aarch64.manylinux2014_aarch64.whl", hash = "sha256:0783e0c8e95397c84e9cf8ab092ab1e5dd7c769aec0ef3a5838ae7173b98dea0", size = 2169159 },
    { url = "https://files.pythonhosted.org/packages/78/8c/45cb23096e66c7b1da62bb8d9c7ac2280e7c1071e13841e7fb71bd44fd9f/pymongo-4.10.1-cp313-cp313-manylinux_2_17_ppc64le.manylinux2014_ppc64le.whl", hash = "sha256:6fb6a72e88df46d1c1040fd32cd2d2c5e58722e5d3e31060a0393f04ad3283de", size = 2260569 },
    { url = "https://files.pythonhosted.org/packages/29/b6/e5ec697087e527a6a15c5f8daa5bcbd641edb8813487345aaf963d3537dc/pymongo-4.10.1-cp313-cp313-manylinux_2_17_s390x.manylinux2014_s390x.whl", hash = "sha256:2e3a593333e20c87415420a4fb76c00b7aae49b6361d2e2205b6fece0563bf40", size = 2218142 },
    { url = "https://files.pythonhosted.org/packages/ad/8a/c0b45bee0f0c57732c5c36da5122c1796efd5a62d585fbc504e2f1401244/pymongo-4.10.1-cp313-cp313-manylinux_2_17_x86_64.manylinux2014_x86_64.whl", hash = "sha256:72e2ace7456167c71cfeca7dcb47bd5dceda7db2231265b80fc625c5e8073186", size = 2170623 },
    { url = "https://files.pythonhosted.org/packages/3b/26/6c0a5360a571df24c9bfbd51b1dae279f4f0c511bdbc0906f6df6d1543fa/pymongo-4.10.1-cp313-cp313-manylinux_2_5_i686.manylinux1_i686.manylinux_2_17_i686.manylinux2014_i686.whl", hash = "sha256:8ad05eb9c97e4f589ed9e74a00fcaac0d443ccd14f38d1258eb4c39a35dd722b", size = 2111112 },
    { url = "https://files.pythonhosted.org/packages/38/bc/5b91b728e1cf505d931f04e24cbac71ae519523785570ed046cdc31e6efc/pymongo-4.10.1-cp313-cp313-win32.whl", hash = "sha256:ee4c86d8e6872a61f7888fc96577b0ea165eb3bdb0d841962b444fa36001e2bb", size = 948727 },
    { url = "https://files.pythonhosted.org/packages/0d/2a/7c24a6144eaa06d18ed52822ea2b0f119fd9267cd1abbb75dae4d89a3803/pymongo-4.10.1-cp313-cp313-win_amd64.whl", hash = "sha256:45ee87a4e12337353242bc758accc7fb47a2f2d9ecc0382a61e64c8f01e86708", size = 976873 },
]

[[package]]
name = "texture2ddecoder"
version = "1.0.4"
source = { registry = "https://pypi.org/simple" }
sdist = { url = "https://files.pythonhosted.org/packages/e2/dc/0ea3c5f8555677d69dd7c5aacfa119ff36506f05dc2af385a8556af5539d/texture2ddecoder-1.0.4.tar.gz", hash = "sha256:a4e511f2ea56af1293b3f1d290ca30820b2a6233181929c50d79392b78ec04ea", size = 101207 }

[[package]]
name = "unitypy"
version = "1.20.16"
source = { registry = "https://pypi.org/simple" }
dependencies = [
    { name = "astc-encoder-py" },
    { name = "attrs" },
    { name = "brotli" },
    { name = "etcpak" },
    { name = "fsspec" },
    { name = "lz4" },
    { name = "pillow" },
    { name = "pyfmodex" },
    { name = "texture2ddecoder" },
]
sdist = { url = "https://files.pythonhosted.org/packages/2c/80/78aeef1e418fc7c0b293649d06f032958ce69f38094e36695056ec55461f/unitypy-1.20.16.tar.gz", hash = "sha256:a434ea98f1490e2aa625b0810903d52c0096361012aa45af7d02a7fac99dc0a6", size = 6227666 }
wheels = [
    { url = "https://files.pythonhosted.org/packages/8f/34/a3e953796f311af986bb9e647f6c3dc2face10157b08a766c891ff79ed52/UnityPy-1.20.16-cp313-cp313-macosx_10_13_x86_64.whl", hash = "sha256:c9f7c506da67991814b611c1bbe5f2688544db748f4e53008c72c430ad00e376", size = 1647575 },
    { url = "https://files.pythonhosted.org/packages/55/6c/8dd8beeb1bf433f114ef04b321edb84c6c417c36514d860d99c006f097f8/UnityPy-1.20.16-cp313-cp313-macosx_11_0_arm64.whl", hash = "sha256:e07318c0756caa68a931e84a4f2b483dc2eeafffc23d5f381e1e269fec57c871", size = 1645721 },
    { url = "https://files.pythonhosted.org/packages/1f/aa/10dfbf7805f4ee123fbbeae656ad9d935bc3f6565c327624fd7c7b41321f/UnityPy-1.20.16-cp313-cp313-manylinux_2_17_i686.manylinux2014_i686.whl", hash = "sha256:c5226d4a3f73429fe4624f6e82f52685c6d2737adf3b969d6875075c73c470db", size = 2040108 },
    { url = "https://files.pythonhosted.org/packages/81/50/390aba27afeb69f1b7442809049bd6cc27e07e308db839f874b98143cb22/UnityPy-1.20.16-cp313-cp313-manylinux_2_17_x86_64.manylinux2014_x86_64.whl", hash = "sha256:30b18976305f1e365a05a93f64591c4875cb08d26cd72e6c5081658e7ebfdec4", size = 2051297 },
    { url = "https://files.pythonhosted.org/packages/48/ff/428296a0a1a89996e5a7a2e4be63537a0a59b728d8d622ef5307b0289374/UnityPy-1.20.16-cp313-cp313-musllinux_1_2_i686.whl", hash = "sha256:83c921d2bdb804ec38daee177e330354dcb4f2f86b39f8b97d660967fcf65297", size = 3050382 },
    { url = "https://files.pythonhosted.org/packages/51/a1/5f18eefee17203ebed87f78048ae8f7b10d6f113a28928e3a60c48bffeff/UnityPy-1.20.16-cp313-cp313-musllinux_1_2_x86_64.whl", hash = "sha256:e120051773088289fb91d932515f168747da36bd34c7fbb4111f4ec9169cbb80", size = 2965883 },
    { url = "https://files.pythonhosted.org/packages/52/ab/daaeb3cb1417f8628e2fdb48778afdc11491bd3ade78d13bef2b4562cd75/UnityPy-1.20.16-cp313-cp313-win32.whl", hash = "sha256:5e8286ac87dbb7ca19e2771358cc2b5fb9120b704ccf18f8f06bb93415b32d48", size = 1972263 },
    { url = "https://files.pythonhosted.org/packages/c2/7f/f7f2f717f7e999df57c4b2a86035eb3489c3c9c99c190876bc56ca182e1f/UnityPy-1.20.16-cp313-cp313-win_amd64.whl", hash = "sha256:90f88db9e1d1dd7058da2de22b010ab73d5f0568524aef6d02e984d2608a659e", size = 1977842 },
    { url = "https://files.pythonhosted.org/packages/e8/00/43b7e92d363320f587622e2108a8592e047cd693c084e92b4a0f351e3d6f/UnityPy-1.20.16-cp313-cp313-win_arm64.whl", hash = "sha256:076a7e025d75c879ef63c56d525de4526cf19857c6bc960266d2401ef705e117", size = 2537086 },
]
